// !$*UTF8*$!
{
	archiveVersion = 1;
	classes = {
	};
	objectVersion = 50;
	objects = {

/* Begin PBXBuildFile section */
		500B1D9322D87F7500FC6AE4 /* UIView+YSDisplayStatus.m in Sources */ = {isa = PBXBuildFile; fileRef = 500B1D9122D87F7500FC6AE4 /* UIView+YSDisplayStatus.m */; };
		A5BEC413213E375200B1F6B3 /* AppDelegate.m in Sources */ = {isa = PBXBuildFile; fileRef = A5BEC412213E375200B1F6B3 /* AppDelegate.m */; };
		A5BEC416213E375200B1F6B3 /* ViewController.m in Sources */ = {isa = PBXBuildFile; fileRef = A5BEC415213E375200B1F6B3 /* ViewController.m */; };
		A5BEC419213E375200B1F6B3 /* Main.storyboard in Resources */ = {isa = PBXBuildFile; fileRef = A5BEC417213E375200B1F6B3 /* Main.storyboard */; };
		A5BEC41B213E375400B1F6B3 /* Assets.xcassets in Resources */ = {isa = PBXBuildFile; fileRef = A5BEC41A213E375400B1F6B3 /* Assets.xcassets */; };
		A5BEC41E213E375400B1F6B3 /* LaunchScreen.storyboard in Resources */ = {isa = PBXBuildFile; fileRef = A5BEC41C213E375400B1F6B3 /* LaunchScreen.storyboard */; };
		A5BEC421213E375400B1F6B3 /* main.m in Sources */ = {isa = PBXBuildFile; fileRef = A5BEC420213E375400B1F6B3 /* main.m */; };
		A5BEC42B213E375400B1F6B3 /* LXYCatagoryTests.m in Sources */ = {isa = PBXBuildFile; fileRef = A5BEC42A213E375400B1F6B3 /* LXYCatagoryTests.m */; };
		A5BEC436213E375400B1F6B3 /* LXYCatagoryUITests.m in Sources */ = {isa = PBXBuildFile; fileRef = A5BEC435213E375400B1F6B3 /* LXYCatagoryUITests.m */; };
		A5BEC445213E377800B1F6B3 /* UIImage+CGGradientColor.m in Sources */ = {isa = PBXBuildFile; fileRef = A5BEC444213E377800B1F6B3 /* UIImage+CGGradientColor.m */; };
		A5BEC448213E37B100B1F6B3 /* UIColor+CGColorWithString.m in Sources */ = {isa = PBXBuildFile; fileRef = A5BEC446213E37B000B1F6B3 /* UIColor+CGColorWithString.m */; };
/* End PBXBuildFile section */

/* Begin PBXContainerItemProxy section */
		A5BEC427213E375400B1F6B3 /* PBXContainerItemProxy */ = {
			isa = PBXContainerItemProxy;
			containerPortal = A5BEC406213E375100B1F6B3 /* Project object */;
			proxyType = 1;
			remoteGlobalIDString = A5BEC40D213E375200B1F6B3;
			remoteInfo = LXYCatagory;
		};
		A5BEC432213E375400B1F6B3 /* PBXContainerItemProxy */ = {
			isa = PBXContainerItemProxy;
			containerPortal = A5BEC406213E375100B1F6B3 /* Project object */;
			proxyType = 1;
			remoteGlobalIDString = A5BEC40D213E375200B1F6B3;
			remoteInfo = LXYCatagory;
		};
/* End PBXContainerItemProxy section */

/* Begin PBXFileReference section */
		500B1D9122D87F7500FC6AE4 /* UIView+YSDisplayStatus.m */ = {isa = PBXFileReference; fileEncoding = 4; lastKnownFileType = sourcecode.c.objc; path = "UIView+YSDisplayStatus.m"; sourceTree = "<group>"; };
		500B1D9222D87F7500FC6AE4 /* UIView+YSDisplayStatus.h */ = {isa = PBXFileReference; fileEncoding = 4; lastKnownFileType = sourcecode.c.h; path = "UIView+YSDisplayStatus.h"; sourceTree = "<group>"; };
		A5BEC40E213E375200B1F6B3 /* LXYCatagory.app */ = {isa = PBXFileReference; explicitFileType = wrapper.application; includeInIndex = 0; path = LXYCatagory.app; sourceTree = BUILT_PRODUCTS_DIR; };
		A5BEC411213E375200B1F6B3 /* AppDelegate.h */ = {isa = PBXFileReference; lastKnownFileType = sourcecode.c.h; path = AppDelegate.h; sourceTree = "<group>"; };
		A5BEC412213E375200B1F6B3 /* AppDelegate.m */ = {isa = PBXFileReference; lastKnownFileType = sourcecode.c.objc; path = AppDelegate.m; sourceTree = "<group>"; };
		A5BEC414213E375200B1F6B3 /* ViewController.h */ = {isa = PBXFileReference; lastKnownFileType = sourcecode.c.h; path = ViewController.h; sourceTree = "<group>"; };
		A5BEC415213E375200B1F6B3 /* ViewController.m */ = {isa = PBXFileReference; lastKnownFileType = sourcecode.c.objc; path = ViewController.m; sourceTree = "<group>"; };
		A5BEC418213E375200B1F6B3 /* Base */ = {isa = PBXFileReference; lastKnownFileType = file.storyboard; name = Base; path = Base.lproj/Main.storyboard; sourceTree = "<group>"; };
		A5BEC41A213E375400B1F6B3 /* Assets.xcassets */ = {isa = PBXFileReference; lastKnownFileType = folder.assetcatalog; path = Assets.xcassets; sourceTree = "<group>"; };
		A5BEC41D213E375400B1F6B3 /* Base */ = {isa = PBXFileReference; lastKnownFileType = file.storyboard; name = Base; path = Base.lproj/LaunchScreen.storyboard; sourceTree = "<group>"; };
		A5BEC41F213E375400B1F6B3 /* Info.plist */ = {isa = PBXFileReference; lastKnownFileType = text.plist.xml; path = Info.plist; sourceTree = "<group>"; };
		A5BEC420213E375400B1F6B3 /* main.m */ = {isa = PBXFileReference; lastKnownFileType = sourcecode.c.objc; path = main.m; sourceTree = "<group>"; };
		A5BEC426213E375400B1F6B3 /* LXYCatagoryTests.xctest */ = {isa = PBXFileReference; explicitFileType = wrapper.cfbundle; includeInIndex = 0; path = LXYCatagoryTests.xctest; sourceTree = BUILT_PRODUCTS_DIR; };
		A5BEC42A213E375400B1F6B3 /* LXYCatagoryTests.m */ = {isa = PBXFileReference; lastKnownFileType = sourcecode.c.objc; path = LXYCatagoryTests.m; sourceTree = "<group>"; };
		A5BEC42C213E375400B1F6B3 /* Info.plist */ = {isa = PBXFileReference; lastKnownFileType = text.plist.xml; path = Info.plist; sourceTree = "<group>"; };
		A5BEC431213E375400B1F6B3 /* LXYCatagoryUITests.xctest */ = {isa = PBXFileReference; explicitFileType = wrapper.cfbundle; includeInIndex = 0; path = LXYCatagoryUITests.xctest; sourceTree = BUILT_PRODUCTS_DIR; };
		A5BEC435213E375400B1F6B3 /* LXYCatagoryUITests.m */ = {isa = PBXFileReference; lastKnownFileType = sourcecode.c.objc; path = LXYCatagoryUITests.m; sourceTree = "<group>"; };
		A5BEC437213E375400B1F6B3 /* Info.plist */ = {isa = PBXFileReference; lastKnownFileType = text.plist.xml; path = Info.plist; sourceTree = "<group>"; };
		A5BEC443213E377700B1F6B3 /* UIImage+CGGradientColor.h */ = {isa = PBXFileReference; fileEncoding = 4; lastKnownFileType = sourcecode.c.h; path = "UIImage+CGGradientColor.h"; sourceTree = "<group>"; };
		A5BEC444213E377800B1F6B3 /* UIImage+CGGradientColor.m */ = {isa = PBXFileReference; fileEncoding = 4; lastKnownFileType = sourcecode.c.objc; path = "UIImage+CGGradientColor.m"; sourceTree = "<group>"; };
		A5BEC446213E37B000B1F6B3 /* UIColor+CGColorWithString.m */ = {isa = PBXFileReference; fileEncoding = 4; lastKnownFileType = sourcecode.c.objc; path = "UIColor+CGColorWithString.m"; sourceTree = "<group>"; };
		A5BEC447213E37B000B1F6B3 /* UIColor+CGColorWithString.h */ = {isa = PBXFileReference; fileEncoding = 4; lastKnownFileType = sourcecode.c.h; path = "UIColor+CGColorWithString.h"; sourceTree = "<group>"; };
/* End PBXFileReference section */

/* Begin PBXFrameworksBuildPhase section */
		A5BEC40B213E375200B1F6B3 /* Frameworks */ = {
			isa = PBXFrameworksBuildPhase;
			buildActionMask = 2147483647;
			files = (
			);
			runOnlyForDeploymentPostprocessing = 0;
		};
		A5BEC423213E375400B1F6B3 /* Frameworks */ = {
			isa = PBXFrameworksBuildPhase;
			buildActionMask = 2147483647;
			files = (
			);
			runOnlyForDeploymentPostprocessing = 0;
		};
		A5BEC42E213E375400B1F6B3 /* Frameworks */ = {
			isa = PBXFrameworksBuildPhase;
			buildActionMask = 2147483647;
			files = (
			);
			runOnlyForDeploymentPostprocessing = 0;
		};
/* End PBXFrameworksBuildPhase section */

/* Begin PBXGroup section */
		A5BEC405213E375100B1F6B3 = {
			isa = PBXGroup;
			children = (
				A5BEC410213E375200B1F6B3 /* LXYCatagory */,
				A5BEC429213E375400B1F6B3 /* LXYCatagoryTests */,
				A5BEC434213E375400B1F6B3 /* LXYCatagoryUITests */,
				A5BEC40F213E375200B1F6B3 /* Products */,
			);
			sourceTree = "<group>";
		};
		A5BEC40F213E375200B1F6B3 /* Products */ = {
			isa = PBXGroup;
			children = (
				A5BEC40E213E375200B1F6B3 /* LXYCatagory.app */,
				A5BEC426213E375400B1F6B3 /* LXYCatagoryTests.xctest */,
				A5BEC431213E375400B1F6B3 /* LXYCatagoryUITests.xctest */,
			);
			name = Products;
			sourceTree = "<group>";
		};
		A5BEC410213E375200B1F6B3 /* LXYCatagory */ = {
			isa = PBXGroup;
			children = (
				500B1D9222D87F7500FC6AE4 /* UIView+YSDisplayStatus.h */,
				500B1D9122D87F7500FC6AE4 /* UIView+YSDisplayStatus.m */,
				A5BEC447213E37B000B1F6B3 /* UIColor+CGColorWithString.h */,
				A5BEC446213E37B000B1F6B3 /* UIColor+CGColorWithString.m */,
				A5BEC443213E377700B1F6B3 /* UIImage+CGGradientColor.h */,
				A5BEC444213E377800B1F6B3 /* UIImage+CGGradientColor.m */,
				A5BEC411213E375200B1F6B3 /* AppDelegate.h */,
				A5BEC412213E375200B1F6B3 /* AppDelegate.m */,
				A5BEC414213E375200B1F6B3 /* ViewController.h */,
				A5BEC415213E375200B1F6B3 /* ViewController.m */,
				A5BEC417213E375200B1F6B3 /* Main.storyboard */,
				A5BEC41A213E375400B1F6B3 /* Assets.xcassets */,
				A5BEC41C213E375400B1F6B3 /* LaunchScreen.storyboard */,
				A5BEC41F213E375400B1F6B3 /* Info.plist */,
				A5BEC420213E375400B1F6B3 /* main.m */,
			);
			path = LXYCatagory;
			sourceTree = "<group>";
		};
		A5BEC429213E375400B1F6B3 /* LXYCatagoryTests */ = {
			isa = PBXGroup;
			children = (
				A5BEC42A213E375400B1F6B3 /* LXYCatagoryTests.m */,
				A5BEC42C213E375400B1F6B3 /* Info.plist */,
			);
			path = LXYCatagoryTests;
			sourceTree = "<group>";
		};
		A5BEC434213E375400B1F6B3 /* LXYCatagoryUITests */ = {
			isa = PBXGroup;
			children = (
				A5BEC435213E375400B1F6B3 /* LXYCatagoryUITests.m */,
				A5BEC437213E375400B1F6B3 /* Info.plist */,
			);
			path = LXYCatagoryUITests;
			sourceTree = "<group>";
		};
/* End PBXGroup section */

/* Begin PBXNativeTarget section */
		A5BEC40D213E375200B1F6B3 /* LXYCatagory */ = {
			isa = PBXNativeTarget;
			buildConfigurationList = A5BEC43A213E375400B1F6B3 /* Build configuration list for PBXNativeTarget "LXYCatagory" */;
			buildPhases = (
				A5BEC40A213E375200B1F6B3 /* Sources */,
				A5BEC40B213E375200B1F6B3 /* Frameworks */,
				A5BEC40C213E375200B1F6B3 /* Resources */,
			);
			buildRules = (
			);
			dependencies = (
			);
			name = LXYCatagory;
			productName = LXYCatagory;
			productReference = A5BEC40E213E375200B1F6B3 /* LXYCatagory.app */;
			productType = "com.apple.product-type.application";
		};
		A5BEC425213E375400B1F6B3 /* LXYCatagoryTests */ = {
			isa = PBXNativeTarget;
			buildConfigurationList = A5BEC43D213E375400B1F6B3 /* Build configuration list for PBXNativeTarget "LXYCatagoryTests" */;
			buildPhases = (
				A5BEC422213E375400B1F6B3 /* Sources */,
				A5BEC423213E375400B1F6B3 /* Frameworks */,
				A5BEC424213E375400B1F6B3 /* Resources */,
			);
			buildRules = (
			);
			dependencies = (
				A5BEC428213E375400B1F6B3 /* PBXTargetDependency */,
			);
			name = LXYCatagoryTests;
			productName = LXYCatagoryTests;
			productReference = A5BEC426213E375400B1F6B3 /* LXYCatagoryTests.xctest */;
			productType = "com.apple.product-type.bundle.unit-test";
		};
		A5BEC430213E375400B1F6B3 /* LXYCatagoryUITests */ = {
			isa = PBXNativeTarget;
			buildConfigurationList = A5BEC440213E375400B1F6B3 /* Build configuration list for PBXNativeTarget "LXYCatagoryUITests" */;
			buildPhases = (
				A5BEC42D213E375400B1F6B3 /* Sources */,
				A5BEC42E213E375400B1F6B3 /* Frameworks */,
				A5BEC42F213E375400B1F6B3 /* Resources */,
			);
			buildRules = (
			);
			dependencies = (
				A5BEC433213E375400B1F6B3 /* PBXTargetDependency */,
			);
			name = LXYCatagoryUITests;
			productName = LXYCatagoryUITests;
			productReference = A5BEC431213E375400B1F6B3 /* LXYCatagoryUITests.xctest */;
			productType = "com.apple.product-type.bundle.ui-testing";
		};
/* End PBXNativeTarget section */

/* Begin PBXProject section */
		A5BEC406213E375100B1F6B3 /* Project object */ = {
			isa = PBXProject;
			attributes = {
				LastUpgradeCheck = 0940;
				ORGANIZATIONNAME = liuxy;
				TargetAttributes = {
					A5BEC40D213E375200B1F6B3 = {
						CreatedOnToolsVersion = 9.4.1;
					};
					A5BEC425213E375400B1F6B3 = {
						CreatedOnToolsVersion = 9.4.1;
						TestTargetID = A5BEC40D213E375200B1F6B3;
					};
					A5BEC430213E375400B1F6B3 = {
						CreatedOnToolsVersion = 9.4.1;
						TestTargetID = A5BEC40D213E375200B1F6B3;
					};
				};
			};
			buildConfigurationList = A5BEC409213E375100B1F6B3 /* Build configuration list for PBXProject "LXYCatagory" */;
			compatibilityVersion = "Xcode 9.3";
			developmentRegion = en;
			hasScannedForEncodings = 0;
			knownRegions = (
				en,
				Base,
			);
			mainGroup = A5BEC405213E375100B1F6B3;
			productRefGroup = A5BEC40F213E375200B1F6B3 /* Products */;
			projectDirPath = "";
			projectRoot = "";
			targets = (
				A5BEC40D213E375200B1F6B3 /* LXYCatagory */,
				A5BEC425213E375400B1F6B3 /* LXYCatagoryTests */,
				A5BEC430213E375400B1F6B3 /* LXYCatagoryUITests */,
			);
		};
/* End PBXProject section */

/* Begin PBXResourcesBuildPhase section */
		A5BEC40C213E375200B1F6B3 /* Resources */ = {
			isa = PBXResourcesBuildPhase;
			buildActionMask = 2147483647;
			files = (
				A5BEC41E213E375400B1F6B3 /* LaunchScreen.storyboard in Resources */,
				A5BEC41B213E375400B1F6B3 /* Assets.xcassets in Resources */,
				A5BEC419213E375200B1F6B3 /* Main.storyboard in Resources */,
			);
			runOnlyForDeploymentPostprocessing = 0;
		};
		A5BEC424213E375400B1F6B3 /* Resources */ = {
			isa = PBXResourcesBuildPhase;
			buildActionMask = 2147483647;
			files = (
			);
			runOnlyForDeploymentPostprocessing = 0;
		};
		A5BEC42F213E375400B1F6B3 /* Resources */ = {
			isa = PBXResourcesBuildPhase;
			buildActionMask = 2147483647;
			files = (
			);
			runOnlyForDeploymentPostprocessing = 0;
		};
/* End PBXResourcesBuildPhase section */

/* Begin PBXSourcesBuildPhase section */
		A5BEC40A213E375200B1F6B3 /* Sources */ = {
			isa = PBXSourcesBuildPhase;
			buildActionMask = 2147483647;
			files = (
				A5BEC416213E375200B1F6B3 /* ViewController.m in Sources */,
				A5BEC421213E375400B1F6B3 /* main.m in Sources */,
				A5BEC413213E375200B1F6B3 /* AppDelegate.m in Sources */,
				500B1D9322D87F7500FC6AE4 /* UIView+YSDisplayStatus.m in Sources */,
				A5BEC448213E37B100B1F6B3 /* UIColor+CGColorWithString.m in Sources */,
				A5BEC445213E377800B1F6B3 /* UIImage+CGGradientColor.m in Sources */,
			);
			runOnlyForDeploymentPostprocessing = 0;
		};
		A5BEC422213E375400B1F6B3 /* Sources */ = {
			isa = PBXSourcesBuildPhase;
			buildActionMask = 2147483647;
			files = (
				A5BEC42B213E375400B1F6B3 /* LXYCatagoryTests.m in Sources */,
			);
			runOnlyForDeploymentPostprocessing = 0;
		};
		A5BEC42D213E375400B1F6B3 /* Sources */ = {
			isa = PBXSourcesBuildPhase;
			buildActionMask = 2147483647;
			files = (
				A5BEC436213E375400B1F6B3 /* LXYCatagoryUITests.m in Sources */,
			);
			runOnlyForDeploymentPostprocessing = 0;
		};
/* End PBXSourcesBuildPhase section */

/* Begin PBXTargetDependency section */
		A5BEC428213E375400B1F6B3 /* PBXTargetDependency */ = {
			isa = PBXTargetDependency;
			target = A5BEC40D213E375200B1F6B3 /* LXYCatagory */;
			targetProxy = A5BEC427213E375400B1F6B3 /* PBXContainerItemProxy */;
		};
		A5BEC433213E375400B1F6B3 /* PBXTargetDependency */ = {
			isa = PBXTargetDependency;
			target = A5BEC40D213E375200B1F6B3 /* LXYCatagory */;
			targetProxy = A5BEC432213E375400B1F6B3 /* PBXContainerItemProxy */;
		};
/* End PBXTargetDependency section */

/* Begin PBXVariantGroup section */
		A5BEC417213E375200B1F6B3 /* Main.storyboard */ = {
			isa = PBXVariantGroup;
			children = (
				A5BEC418213E375200B1F6B3 /* Base */,
			);
			name = Main.storyboard;
			sourceTree = "<group>";
		};
		A5BEC41C213E375400B1F6B3 /* LaunchScreen.storyboard */ = {
			isa = PBXVariantGroup;
			children = (
				A5BEC41D213E375400B1F6B3 /* Base */,
			);
			name = LaunchScreen.storyboard;
			sourceTree = "<group>";
		};
/* End PBXVariantGroup section */

/* Begin XCBuildConfiguration section */
		A5BEC438213E375400B1F6B3 /* Debug */ = {
			isa = XCBuildConfiguration;
			buildSettings = {
				ALWAYS_SEARCH_USER_PATHS = NO;
				CLANG_ANALYZER_NONNULL = YES;
				CLANG_ANALYZER_NUMBER_OBJECT_CONVERSION = YES_AGGRESSIVE;
				CLANG_CXX_LANGUAGE_STANDARD = "gnu++14";
				CLANG_CXX_LIBRARY = "libc++";
				CLANG_ENABLE_MODULES = YES;
				CLANG_ENABLE_OBJC_ARC = YES;
				CLANG_ENABLE_OBJC_WEAK = YES;
				CLANG_WARN_BLOCK_CAPTURE_AUTORELEASING = YES;
				CLANG_WARN_BOOL_CONVERSION = YES;
				CLANG_WARN_COMMA = YES;
				CLANG_WARN_CONSTANT_CONVERSION = YES;
				CLANG_WARN_DEPRECATED_OBJC_IMPLEMENTATIONS = YES;
				CLANG_WARN_DIRECT_OBJC_ISA_USAGE = YES_ERROR;
				CLANG_WARN_DOCUMENTATION_COMMENTS = YES;
				CLANG_WARN_EMPTY_BODY = YES;
				CLANG_WARN_ENUM_CONVERSION = YES;
				CLANG_WARN_INFINITE_RECURSION = YES;
				CLANG_WARN_INT_CONVERSION = YES;
				CLANG_WARN_NON_LITERAL_NULL_CONVERSION = YES;
				CLANG_WARN_OBJC_IMPLICIT_RETAIN_SELF = YES;
				CLANG_WARN_OBJC_LITERAL_CONVERSION = YES;
				CLANG_WARN_OBJC_ROOT_CLASS = YES_ERROR;
				CLANG_WARN_RANGE_LOOP_ANALYSIS = YES;
				CLANG_WARN_STRICT_PROTOTYPES = YES;
				CLANG_WARN_SUSPICIOUS_MOVE = YES;
				CLANG_WARN_UNGUARDED_AVAILABILITY = YES_AGGRESSIVE;
				CLANG_WARN_UNREACHABLE_CODE = YES;
				CLANG_WARN__DUPLICATE_METHOD_MATCH = YES;
				CODE_SIGN_IDENTITY = "iPhone Developer";
				COPY_PHASE_STRIP = NO;
				DEBUG_INFORMATION_FORMAT = dwarf;
				ENABLE_STRICT_OBJC_MSGSEND = YES;
				ENABLE_TESTABILITY = YES;
				GCC_C_LANGUAGE_STANDARD = gnu11;
				GCC_DYNAMIC_NO_PIC = NO;
				GCC_NO_COMMON_BLOCKS = YES;
				GCC_OPTIMIZATION_LEVEL = 0;
				GCC_PREPROCESSOR_DEFINITIONS = (
					"DEBUG=1",
					"$(inherited)",
				);
				GCC_WARN_64_TO_32_BIT_CONVERSION = YES;
				GCC_WARN_ABOUT_RETURN_TYPE = YES_ERROR;
				GCC_WARN_UNDECLARED_SELECTOR = YES;
				GCC_WARN_UNINITIALIZED_AUTOS = YES_AGGRESSIVE;
				GCC_WARN_UNUSED_FUNCTION = YES;
				GCC_WARN_UNUSED_VARIABLE = YES;
				IPHONEOS_DEPLOYMENT_TARGET = 11.4;
				MTL_ENABLE_DEBUG_INFO = YES;
				ONLY_ACTIVE_ARCH = YES;
				SDKROOT = iphoneos;
			};
			name = Debug;
		};
		A5BEC439213E375400B1F6B3 /* Release */ = {
			isa = XCBuildConfiguration;
			buildSettings = {
				ALWAYS_SEARCH_USER_PATHS = NO;
				CLANG_ANALYZER_NONNULL = YES;
				CLANG_ANALYZER_NUMBER_OBJECT_CONVERSION = YES_AGGRESSIVE;
				CLANG_CXX_LANGUAGE_STANDARD = "gnu++14";
				CLANG_CXX_LIBRARY = "libc++";
				CLANG_ENABLE_MODULES = YES;
				CLANG_ENABLE_OBJC_ARC = YES;
				CLANG_ENABLE_OBJC_WEAK = YES;
				CLANG_WARN_BLOCK_CAPTURE_AUTORELEASING = YES;
				CLANG_WARN_BOOL_CONVERSION = YES;
				CLANG_WARN_COMMA = YES;
				CLANG_WARN_CONSTANT_CONVERSION = YES;
				CLANG_WARN_DEPRECATED_OBJC_IMPLEMENTATIONS = YES;
				CLANG_WARN_DIRECT_OBJC_ISA_USAGE = YES_ERROR;
				CLANG_WARN_DOCUMENTATION_COMMENTS = YES;
				CLANG_WARN_EMPTY_BODY = YES;
				CLANG_WARN_ENUM_CONVERSION = YES;
				CLANG_WARN_INFINITE_RECURSION = YES;
				CLANG_WARN_INT_CONVERSION = YES;
				CLANG_WARN_NON_LITERAL_NULL_CONVERSION = YES;
				CLANG_WARN_OBJC_IMPLICIT_RETAIN_SELF = YES;
				CLANG_WARN_OBJC_LITERAL_CONVERSION = YES;
				CLANG_WARN_OBJC_ROOT_CLASS = YES_ERROR;
				CLANG_WARN_RANGE_LOOP_ANALYSIS = YES;
				CLANG_WARN_STRICT_PROTOTYPES = YES;
				CLANG_WARN_SUSPICIOUS_MOVE = YES;
				CLANG_WARN_UNGUARDED_AVAILABILITY = YES_AGGRESSIVE;
				CLANG_WARN_UNREACHABLE_CODE = YES;
				CLANG_WARN__DUPLICATE_METHOD_MATCH = YES;
				CODE_SIGN_IDENTITY = "iPhone Developer";
				COPY_PHASE_STRIP = NO;
				DEBUG_INFORMATION_FORMAT = "dwarf-with-dsym";
				ENABLE_NS_ASSERTIONS = NO;
				ENABLE_STRICT_OBJC_MSGSEND = YES;
				GCC_C_LANGUAGE_STANDARD = gnu11;
				GCC_NO_COMMON_BLOCKS = YES;
				GCC_WARN_64_TO_32_BIT_CONVERSION = YES;
				GCC_WARN_ABOUT_RETURN_TYPE = YES_ERROR;
				GCC_WARN_UNDECLARED_SELECTOR = YES;
				GCC_WARN_UNINITIALIZED_AUTOS = YES_AGGRESSIVE;
				GCC_WARN_UNUSED_FUNCTION = YES;
				GCC_WARN_UNUSED_VARIABLE = YES;
				IPHONEOS_DEPLOYMENT_TARGET = 11.4;
				MTL_ENABLE_DEBUG_INFO = NO;
				SDKROOT = iphoneos;
				VALIDATE_PRODUCT = YES;
			};
			name = Release;
		};
		A5BEC43B213E375400B1F6B3 /* Debug */ = {
			isa = XCBuildConfiguration;
			buildSettings = {
				ASSETCATALOG_COMPILER_APPICON_NAME = AppIcon;
				CODE_SIGN_STYLE = Automatic;
				INFOPLIST_FILE = LXYCatagory/Info.plist;
				LD_RUNPATH_SEARCH_PATHS = (
					"$(inherited)",
					"@executable_path/Frameworks",
				);
				PRODUCT_BUNDLE_IDENTIFIER = Test.com.LXYCatagory;
				PRODUCT_NAME = "$(TARGET_NAME)";
				TARGETED_DEVICE_FAMILY = "1,2";
			};
			name = Debug;
		};
		A5BEC43C213E375400B1F6B3 /* Release */ = {
			isa = XCBuildConfiguration;
			buildSettings = {
				ASSETCATALOG_COMPILER_APPICON_NAME = AppIcon;
				CODE_SIGN_STYLE = Automatic;
				INFOPLIST_FILE = LXYCatagory/Info.plist;
				LD_RUNPATH_SEARCH_PATHS = (
					"$(inherited)",
					"@executable_path/Frameworks",
				);
				PRODUCT_BUNDLE_IDENTIFIER = Test.com.LXYCatagory;
				PRODUCT_NAME = "$(TARGET_NAME)";
				TARGETED_DEVICE_FAMILY = "1,2";
			};
			name = Release;
		};
		A5BEC43E213E375400B1F6B3 /* Debug */ = {
			isa = XCBuildConfiguration;
			buildSettings = {
				BUNDLE_LOADER = "$(TEST_HOST)";
				CODE_SIGN_STYLE = Automatic;
				INFOPLIST_FILE = LXYCatagoryTests/Info.plist;
				LD_RUNPATH_SEARCH_PATHS = (
					"$(inherited)",
					"@executable_path/Frameworks",
					"@loader_path/Frameworks",
				);
				PRODUCT_BUNDLE_IDENTIFIER = Test.com.LXYCatagoryTests;
				PRODUCT_NAME = "$(TARGET_NAME)";
				TARGETED_DEVICE_FAMILY = "1,2";
				TEST_HOST = "$(BUILT_PRODUCTS_DIR)/LXYCatagory.app/LXYCatagory";
			};
			name = Debug;
		};
		A5BEC43F213E375400B1F6B3 /* Release */ = {
			isa = XCBuildConfiguration;
			buildSettings = {
				BUNDLE_LOADER = "$(TEST_HOST)";
				CODE_SIGN_STYLE = Automatic;
				INFOPLIST_FILE = LXYCatagoryTests/Info.plist;
				LD_RUNPATH_SEARCH_PATHS = (
					"$(inherited)",
					"@executable_path/Frameworks",
					"@loader_path/Frameworks",
				);
				PRODUCT_BUNDLE_IDENTIFIER = Test.com.LXYCatagoryTests;
				PRODUCT_NAME = "$(TARGET_NAME)";
				TARGETED_DEVICE_FAMILY = "1,2";
				TEST_HOST = "$(BUILT_PRODUCTS_DIR)/LXYCatagory.app/LXYCatagory";
			};
			name = Release;
		};
		A5BEC441213E375400B1F6B3 /* Debug */ = {
			isa = XCBuildConfiguration;
			buildSettings = {
				CODE_SIGN_STYLE = Automatic;
				INFOPLIST_FILE = LXYCatagoryUITests/Info.plist;
				LD_RUNPATH_SEARCH_PATHS = (
					"$(inherited)",
					"@executable_path/Frameworks",
					"@loader_path/Frameworks",
				);
				PRODUCT_BUNDLE_IDENTIFIER = Test.com.LXYCatagoryUITests;
				PRODUCT_NAME = "$(TARGET_NAME)";
				TARGETED_DEVICE_FAMILY = "1,2";
				TEST_TARGET_NAME = LXYCatagory;
			};
			name = Debug;
		};
		A5BEC442213E375400B1F6B3 /* Release */ = {
			isa = XCBuildConfiguration;
			buildSettings = {
				CODE_SIGN_STYLE = Automatic;
				INFOPLIST_FILE = LXYCatagoryUITests/Info.plist;
				LD_RUNPATH_SEARCH_PATHS = (
					"$(inherited)",
					"@executable_path/Frameworks",
					"@loader_path/Frameworks",
				);
				PRODUCT_BUNDLE_IDENTIFIER = Test.com.LXYCatagoryUITests;
				PRODUCT_NAME = "$(TARGET_NAME)";
				TARGETED_DEVICE_FAMILY = "1,2";
				TEST_TARGET_NAME = LXYCatagory;
			};
			name = Release;
		};
/* End XCBuildConfiguration section */

/* Begin XCConfigurationList section */
		A5BEC409213E375100B1F6B3 /* Build configuration list for PBXProject "LXYCatagory" */ = {
			isa = XCConfigurationList;
			buildConfigurations = (
				A5BEC438213E375400B1F6B3 /* Debug */,
				A5BEC439213E375400B1F6B3 /* Release */,
			);
			defaultConfigurationIsVisible = 0;
			defaultConfigurationName = Release;
		};
		A5BEC43A213E375400B1F6B3 /* Build configuration list for PBXNativeTarget "LXYCatagory" */ = {
			isa = XCConfigurationList;
			buildConfigurations = (
				A5BEC43B213E375400B1F6B3 /* Debug */,
				A5BEC43C213E375400B1F6B3 /* Release */,
			);
			defaultConfigurationIsVisible = 0;
			defaultConfigurationName = Release;
		};
		A5BEC43D213E375400B1F6B3 /* Build configuration list for PBXNativeTarget "LXYCatagoryTests" */ = {
			isa = XCConfigurationList;
			buildConfigurations = (
				A5BEC43E213E375400B1F6B3 /* Debug */,
				A5BEC43F213E375400B1F6B3 /* Release */,
			);
			defaultConfigurationIsVisible = 0;
			defaultConfigurationName = Release;
		};
		A5BEC440213E375400B1F6B3 /* Build configuration list for PBXNativeTarget "LXYCatagoryUITests" */ = {
			isa = XCConfigurationList;
			buildConfigurations = (
				A5BEC441213E375400B1F6B3 /* Debug */,
				A5BEC442213E375400B1F6B3 /* Release */,
			);
			defaultConfigurationIsVisible = 0;
			defaultConfigurationName = Release;
		};
/* End XCConfigurationList section */
	};
	rootObject = A5BEC406213E375100B1F6B3 /* Project object */;
}
